# This file is generated by running "yarn install" inside your project.
# Manual changes might be lost - proceed with caution!

__metadata:
  version: 8
  cacheKey: 10c0

"@types/node@npm:25.0.6":
  version: 25.0.6
  resolution: "@types/node@npm:25.0.6"
  dependencies:
    undici-types: "npm:~7.16.0"
  checksum: 10c0/4ee3b6b606bc28f6840c04d58769e1e75dd8085149908956c874c85f8f8c890990701bcbe783fc2d14017817861dc07fcf23de6fc2805fe491f84eae717b5705
  languageName: node
  linkType: hard

"record-schema-toolkit@workspace:.":
  version: 0.0.0-use.local
  resolution: "record-schema-toolkit@workspace:."
  dependencies:
    "@types/node": "npm:25.0.6"
  bin:
    chart: node ./bin/chart.mjs
    format: node ./bin/format.mjs
    generate-index: node ./bin/generate-index.mjs
    lint: node ./bin/lint.mjs
    render: node ./bin/render.mjs
    validate: node ./bin/validate.mjs
  languageName: unknown
  linkType: soft

"undici-types@npm:~7.16.0":
  version: 7.16.0
  resolution: "undici-types@npm:7.16.0"
  checksum: 10c0/3033e2f2b5c9f1504bdc5934646cb54e37ecaca0f9249c983f7b1fc2e87c6d18399ebb05dc7fd5419e02b2e915f734d872a65da2e3eeed1813951c427d33cc9a
  languageName: node
  linkType: hard
